
Microsoft Visual Studio Solution File, Format Version 12.00
# Visual Studio Version 16
VisualStudioVersion = 16.0.30225.117
MinimumVisualStudioVersion = 10.0.40219.1
Project("{FAE04EC0-301F-11D3-BF4B-00C04F79EFBC}") = "TCSProject", "TCSProject.csproj", "{8E137F35-965E-4119-ABE8-E8E91A581158}"
EndProject
Global
	GlobalSection(SolutionConfigurationPlatforms) = preSolution
		Debug|Any CPU = Debug|Any CPU
		Release|Any CPU = Release|Any CPU
	EndGlobalSection
	GlobalSection(ProjectConfigurationPlatforms) = postSolution
		{8E137F35-965E-4119-ABE8-E8E91A581158}.Debug|Any CPU.ActiveCfg = Debug|Any CPU
		{8E137F35-965E-4119-ABE8-E8E91A581158}.Debug|Any CPU.Build.0 = Debug|Any CPU
		{8E137F35-965E-4119-ABE8-E8E91A581158}.Release|Any CPU.ActiveCfg = Release|Any CPU
		{8E137F35-965E-4119-ABE8-E8E91A581158}.Release|Any CPU.Build.0 = Release|Any CPU
	EndGlobalSection
	GlobalSection(SolutionProperties) = preSolution
		HideSolutionNode = FALSE
	EndGlobalSection
	GlobalSection(ExtensibilityGlobals) = postSolution
		SolutionGuid = {511CE358-63D8-46E7-ADA8-465A5C4E5B48}
	EndGlobalSection
EndGlobal
